
Microsoft Visual Studio Solution File, Format Version 12.00
# Visual Studio Version 17
VisualStudioVersion = 17.6.33723.286
MinimumVisualStudioVersion = 10.0.40219.1
Project("{FAE04EC0-301F-11D3-BF4B-00C04F79EFBC}") = "Generator-Listener-Example", "Generator-Listener-Example\Generator-Listener-Example.csproj", "{206CCDED-FF85-4D7D-A9C9-3279E082C580}"
EndProject
Global
	GlobalSection(SolutionConfigurationPlatforms) = preSolution
		Debug|Any CPU = Debug|Any CPU
		Release|Any CPU = Release|Any CPU
	EndGlobalSection
	GlobalSection(ProjectConfigurationPlatforms) = postSolution
		{206CCDED-FF85-4D7D-A9C9-3279E082C580}.Debug|Any CPU.ActiveCfg = Debug|Any CPU
		{206CCDED-FF85-4D7D-A9C9-3279E082C580}.Debug|Any CPU.Build.0 = Debug|Any CPU
		{206CCDED-FF85-4D7D-A9C9-3279E082C580}.Release|Any CPU.ActiveCfg = Release|Any CPU
		{206CCDED-FF85-4D7D-A9C9-3279E082C580}.Release|Any CPU.Build.0 = Release|Any CPU
	EndGlobalSection
	GlobalSection(SolutionProperties) = preSolution
		HideSolutionNode = FALSE
	EndGlobalSection
	GlobalSection(ExtensibilityGlobals) = postSolution
		SolutionGuid = {58ABB75E-A407-4F23-BE8D-1330756E22C1}
	EndGlobalSection
EndGlobal
